
Microsoft Visual Studio Solution File, Format Version 12.00
# Visual Studio Version 16
VisualStudioVersion = 16.0.31911.196
MinimumVisualStudioVersion = 10.0.40219.1
Project("{9A19103F-16F7-4668-BE54-9A1E7A4F7556}") = "OpenGL", "OpenGL\OpenGL.csproj", "{0A2915C4-AF3C-4271-8D19-B92018C84CED}"
EndProject
Project("{D954291E-2A0B-460D-934E-DC6B0785DB48}") = "Shared", "Shared\Shared.shproj", "{A0CDBD0E-3A41-42B7-9425-A838BC2C7383}"
EndProject
Project("{FAE04EC0-301F-11D3-BF4B-00C04F79EFBC}") = "DirectX", "DirectX\DirectX.csproj", "{B2F77AA4-ED81-40DA-9018-5EF08D6DCA97}"
EndProject
Global
	GlobalSection(SharedMSBuildProjectFiles) = preSolution
		Shared\Shared.projitems*{0a2915c4-af3c-4271-8d19-b92018c84ced}*SharedItemsImports = 5
		Shared\Shared.projitems*{a0cdbd0e-3a41-42b7-9425-a838bc2c7383}*SharedItemsImports = 13
		Shared\Shared.projitems*{b2f77aa4-ed81-40da-9018-5ef08d6dca97}*SharedItemsImports = 5
	EndGlobalSection
	GlobalSection(SolutionConfigurationPlatforms) = preSolution
		Debug|Any CPU = Debug|Any CPU
		Release|Any CPU = Release|Any CPU
	EndGlobalSection
	GlobalSection(ProjectConfigurationPlatforms) = postSolution
		{0A2915C4-AF3C-4271-8D19-B92018C84CED}.Debug|Any CPU.ActiveCfg = Debug|Any CPU
		{0A2915C4-AF3C-4271-8D19-B92018C84CED}.Debug|Any CPU.Build.0 = Debug|Any CPU
		{0A2915C4-AF3C-4271-8D19-B92018C84CED}.Release|Any CPU.ActiveCfg = Release|Any CPU
		{0A2915C4-AF3C-4271-8D19-B92018C84CED}.Release|Any CPU.Build.0 = Release|Any CPU
		{B2F77AA4-ED81-40DA-9018-5EF08D6DCA97}.Debug|Any CPU.ActiveCfg = Debug|Any CPU
		{B2F77AA4-ED81-40DA-9018-5EF08D6DCA97}.Debug|Any CPU.Build.0 = Debug|Any CPU
		{B2F77AA4-ED81-40DA-9018-5EF08D6DCA97}.Release|Any CPU.ActiveCfg = Release|Any CPU
		{B2F77AA4-ED81-40DA-9018-5EF08D6DCA97}.Release|Any CPU.Build.0 = Release|Any CPU
	EndGlobalSection
	GlobalSection(SolutionProperties) = preSolution
		HideSolutionNode = FALSE
	EndGlobalSection
	GlobalSection(ExtensibilityGlobals) = postSolution
		SolutionGuid = {5DF986DE-7994-4344-A757-4654144CBFCA}
	EndGlobalSection
EndGlobal
